// !$*UTF8*$!
{
	archiveVersion = 1;
	classes = {
	};
	objectVersion = 46;
	objects = {

/* Begin PBXBuildFile section */
		EB66C9651B0F2FA5005A1C1D /* AppDelegate.swift in Sources */ = {isa = PBXBuildFile; fileRef = EB66C9641B0F2FA5005A1C1D /* AppDelegate.swift */; };
		EB66C9671B0F2FA5005A1C1D /* ViewController.swift in Sources */ = {isa = PBXBuildFile; fileRef = EB66C9661B0F2FA5005A1C1D /* ViewController.swift */; };
		EB66C96A1B0F2FA5005A1C1D /* Main.storyboard in Resources */ = {isa = PBXBuildFile; fileRef = EB66C9681B0F2FA5005A1C1D /* Main.storyboard */; };
		EB66C96C1B0F2FA5005A1C1D /* Images.xcassets in Resources */ = {isa = PBXBuildFile; fileRef = EB66C96B1B0F2FA5005A1C1D /* Images.xcassets */; };
		EB66C96F1B0F2FA5005A1C1D /* LaunchScreen.xib in Resources */ = {isa = PBXBuildFile; fileRef = EB66C96D1B0F2FA5005A1C1D /* LaunchScreen.xib */; };
		EB66C97B1B0F2FA5005A1C1D /* SignalAppTests.swift in Sources */ = {isa = PBXBuildFile; fileRef = EB66C97A1B0F2FA5005A1C1D /* SignalAppTests.swift */; };
/* End PBXBuildFile section */

/* Begin PBXContainerItemProxy section */
		EB66C9751B0F2FA5005A1C1D /* PBXContainerItemProxy */ = {
			isa = PBXContainerItemProxy;
			containerPortal = EB66C9571B0F2FA5005A1C1D /* Project object */;
			proxyType = 1;
			remoteGlobalIDString = EB66C95E1B0F2FA5005A1C1D;
			remoteInfo = SignalApp;
		};
/* End PBXContainerItemProxy section */

/* Begin PBXFileReference section */
		EB66C95F1B0F2FA5005A1C1D /* SignalApp.app */ = {isa = PBXFileReference; explicitFileType = wrapper.application; includeInIndex = 0; path = SignalApp.app; sourceTree = BUILT_PRODUCTS_DIR; };
		EB66C9631B0F2FA5005A1C1D /* Info.plist */ = {isa = PBXFileReference; lastKnownFileType = text.plist.xml; path = Info.plist; sourceTree = "<group>"; };
		EB66C9641B0F2FA5005A1C1D /* AppDelegate.swift */ = {isa = PBXFileReference; lastKnownFileType = sourcecode.swift; path = AppDelegate.swift; sourceTree = "<group>"; };
		EB66C9661B0F2FA5005A1C1D /* ViewController.swift */ = {isa = PBXFileReference; lastKnownFileType = sourcecode.swift; path = ViewController.swift; sourceTree = "<group>"; };
		EB66C9691B0F2FA5005A1C1D /* Base */ = {isa = PBXFileReference; lastKnownFileType = file.storyboard; name = Base; path = Base.lproj/Main.storyboard; sourceTree = "<group>"; };
		EB66C96B1B0F2FA5005A1C1D /* Images.xcassets */ = {isa = PBXFileReference; lastKnownFileType = folder.assetcatalog; path = Images.xcassets; sourceTree = "<group>"; };
		EB66C96E1B0F2FA5005A1C1D /* Base */ = {isa = PBXFileReference; lastKnownFileType = file.xib; name = Base; path = Base.lproj/LaunchScreen.xib; sourceTree = "<group>"; };
		EB66C9741B0F2FA5005A1C1D /* SignalAppTests.xctest */ = {isa = PBXFileReference; explicitFileType = wrapper.cfbundle; includeInIndex = 0; path = SignalAppTests.xctest; sourceTree = BUILT_PRODUCTS_DIR; };
		EB66C9791B0F2FA5005A1C1D /* Info.plist */ = {isa = PBXFileReference; lastKnownFileType = text.plist.xml; path = Info.plist; sourceTree = "<group>"; };
		EB66C97A1B0F2FA5005A1C1D /* SignalAppTests.swift */ = {isa = PBXFileReference; lastKnownFileType = sourcecode.swift; path = SignalAppTests.swift; sourceTree = "<group>"; };
/* End PBXFileReference section */

/* Begin PBXFrameworksBuildPhase section */
		EB66C95C1B0F2FA5005A1C1D /* Frameworks */ = {
			isa = PBXFrameworksBuildPhase;
			buildActionMask = 2147483647;
			files = (
			);
			runOnlyForDeploymentPostprocessing = 0;
		};
		EB66C9711B0F2FA5005A1C1D /* Frameworks */ = {
			isa = PBXFrameworksBuildPhase;
			buildActionMask = 2147483647;
			files = (
			);
			runOnlyForDeploymentPostprocessing = 0;
		};
/* End PBXFrameworksBuildPhase section */

/* Begin PBXGroup section */
		EB66C9561B0F2FA5005A1C1D = {
			isa = PBXGroup;
			children = (
				EB66C9611B0F2FA5005A1C1D /* SignalApp */,
				EB66C9771B0F2FA5005A1C1D /* SignalAppTests */,
				EB66C9601B0F2FA5005A1C1D /* Products */,
			);
			sourceTree = "<group>";
		};
		EB66C9601B0F2FA5005A1C1D /* Products */ = {
			isa = PBXGroup;
			children = (
				EB66C95F1B0F2FA5005A1C1D /* SignalApp.app */,
				EB66C9741B0F2FA5005A1C1D /* SignalAppTests.xctest */,
			);
			name = Products;
			sourceTree = "<group>";
		};
		EB66C9611B0F2FA5005A1C1D /* SignalApp */ = {
			isa = PBXGroup;
			children = (
				EB66C9641B0F2FA5005A1C1D /* AppDelegate.swift */,
				EB66C9661B0F2FA5005A1C1D /* ViewController.swift */,
				EB66C9681B0F2FA5005A1C1D /* Main.storyboard */,
				EB66C96B1B0F2FA5005A1C1D /* Images.xcassets */,
				EB66C96D1B0F2FA5005A1C1D /* LaunchScreen.xib */,
				EB66C9621B0F2FA5005A1C1D /* Supporting Files */,
			);
			path = SignalApp;
			sourceTree = "<group>";
		};
		EB66C9621B0F2FA5005A1C1D /* Supporting Files */ = {
			isa = PBXGroup;
			children = (
				EB66C9631B0F2FA5005A1C1D /* Info.plist */,
			);
			name = "Supporting Files";
			sourceTree = "<group>";
		};
		EB66C9771B0F2FA5005A1C1D /* SignalAppTests */ = {
			isa = PBXGroup;
			children = (
				EB66C97A1B0F2FA5005A1C1D /* SignalAppTests.swift */,
				EB66C9781B0F2FA5005A1C1D /* Supporting Files */,
			);
			path = SignalAppTests;
			sourceTree = "<group>";
		};
		EB66C9781B0F2FA5005A1C1D /* Supporting Files */ = {
			isa = PBXGroup;
			children = (
				EB66C9791B0F2FA5005A1C1D /* Info.plist */,
			);
			name = "Supporting Files";
			sourceTree = "<group>";
		};
/* End PBXGroup section */

/* Begin PBXNativeTarget section */
		EB66C95E1B0F2FA5005A1C1D /* SignalApp */ = {
			isa = PBXNativeTarget;
			buildConfigurationList = EB66C97E1B0F2FA5005A1C1D /* Build configuration list for PBXNativeTarget "SignalApp" */;
			buildPhases = (
				EB66C95B1B0F2FA5005A1C1D /* Sources */,
				EB66C95C1B0F2FA5005A1C1D /* Frameworks */,
				EB66C95D1B0F2FA5005A1C1D /* Resources */,
			);
			buildRules = (
			);
			dependencies = (
			);
			name = SignalApp;
			productName = SignalApp;
			productReference = EB66C95F1B0F2FA5005A1C1D /* SignalApp.app */;
			productType = "com.apple.product-type.application";
		};
		EB66C9731B0F2FA5005A1C1D /* SignalAppTests */ = {
			isa = PBXNativeTarget;
			buildConfigurationList = EB66C9811B0F2FA5005A1C1D /* Build configuration list for PBXNativeTarget "SignalAppTests" */;
			buildPhases = (
				EB66C9701B0F2FA5005A1C1D /* Sources */,
				EB66C9711B0F2FA5005A1C1D /* Frameworks */,
				EB66C9721B0F2FA5005A1C1D /* Resources */,
			);
			buildRules = (
			);
			dependencies = (
				EB66C9761B0F2FA5005A1C1D /* PBXTargetDependency */,
			);
			name = SignalAppTests;
			productName = SignalAppTests;
			productReference = EB66C9741B0F2FA5005A1C1D /* SignalAppTests.xctest */;
			productType = "com.apple.product-type.bundle.unit-test";
		};
/* End PBXNativeTarget section */

/* Begin PBXProject section */
		EB66C9571B0F2FA5005A1C1D /* Project object */ = {
			isa = PBXProject;
			attributes = {
				LastUpgradeCheck = 0630;
				ORGANIZATIONNAME = hirosawak;
				TargetAttributes = {
					EB66C95E1B0F2FA5005A1C1D = {
						CreatedOnToolsVersion = 6.3.2;
					};
					EB66C9731B0F2FA5005A1C1D = {
						CreatedOnToolsVersion = 6.3.2;
						TestTargetID = EB66C95E1B0F2FA5005A1C1D;
					};
				};
			};
			buildConfigurationList = EB66C95A1B0F2FA5005A1C1D /* Build configuration list for PBXProject "SignalApp" */;
			compatibilityVersion = "Xcode 3.2";
			developmentRegion = English;
			hasScannedForEncodings = 0;
			knownRegions = (
				en,
				Base,
			);
			mainGroup = EB66C9561B0F2FA5005A1C1D;
			productRefGroup = EB66C9601B0F2FA5005A1C1D /* Products */;
			projectDirPath = "";
			projectRoot = "";
			targets = (
				EB66C95E1B0F2FA5005A1C1D /* SignalApp */,
				EB66C9731B0F2FA5005A1C1D /* SignalAppTests */,
			);
		};
/* End PBXProject section */

/* Begin PBXResourcesBuildPhase section */
		EB66C95D1B0F2FA5005A1C1D /* Resources */ = {
			isa = PBXResourcesBuildPhase;
			buildActionMask = 2147483647;
			files = (
				EB66C96A1B0F2FA5005A1C1D /* Main.storyboard in Resources */,
				EB66C96F1B0F2FA5005A1C1D /* LaunchScreen.xib in Resources */,
				EB66C96C1B0F2FA5005A1C1D /* Images.xcassets in Resources */,
			);
			runOnlyForDeploymentPostprocessing = 0;
		};
		EB66C9721B0F2FA5005A1C1D /* Resources */ = {
			isa = PBXResourcesBuildPhase;
			buildActionMask = 2147483647;
			files = (
			);
			runOnlyForDeploymentPostprocessing = 0;
		};
/* End PBXResourcesBuildPhase section */

/* Begin PBXSourcesBuildPhase section */
		EB66C95B1B0F2FA5005A1C1D /* Sources */ = {
			isa = PBXSourcesBuildPhase;
			buildActionMask = 2147483647;
			files = (
				EB66C9671B0F2FA5005A1C1D /* ViewController.swift in Sources */,
				EB66C9651B0F2FA5005A1C1D /* AppDelegate.swift in Sources */,
			);
			runOnlyForDeploymentPostprocessing = 0;
		};
		EB66C9701B0F2FA5005A1C1D /* Sources */ = {
			isa = PBXSourcesBuildPhase;
			buildActionMask = 2147483647;
			files = (
				EB66C97B1B0F2FA5005A1C1D /* SignalAppTests.swift in Sources */,
			);
			runOnlyForDeploymentPostprocessing = 0;
		};
/* End PBXSourcesBuildPhase section */

/* Begin PBXTargetDependency section */
		EB66C9761B0F2FA5005A1C1D /* PBXTargetDependency */ = {
			isa = PBXTargetDependency;
			target = EB66C95E1B0F2FA5005A1C1D /* SignalApp */;
			targetProxy = EB66C9751B0F2FA5005A1C1D /* PBXContainerItemProxy */;
		};
/* End PBXTargetDependency section */

/* Begin PBXVariantGroup section */
		EB66C9681B0F2FA5005A1C1D /* Main.storyboard */ = {
			isa = PBXVariantGroup;
			children = (
				EB66C9691B0F2FA5005A1C1D /* Base */,
			);
			name = Main.storyboard;
			sourceTree = "<group>";
		};
		EB66C96D1B0F2FA5005A1C1D /* LaunchScreen.xib */ = {
			isa = PBXVariantGroup;
			children = (
				EB66C96E1B0F2FA5005A1C1D /* Base */,
			);
			name = LaunchScreen.xib;
			sourceTree = "<group>";
		};
/* End PBXVariantGroup section */

/* Begin XCBuildConfiguration section */
		EB66C97C1B0F2FA5005A1C1D /* Debug */ = {
			isa = XCBuildConfiguration;
			buildSettings = {
				ALWAYS_SEARCH_USER_PATHS = NO;
				CLANG_CXX_LANGUAGE_STANDARD = "gnu++0x";
				CLANG_CXX_LIBRARY = "libc++";
				CLANG_ENABLE_MODULES = YES;
				CLANG_ENABLE_OBJC_ARC = YES;
				CLANG_WARN_BOOL_CONVERSION = YES;
				CLANG_WARN_CONSTANT_CONVERSION = YES;
				CLANG_WARN_DIRECT_OBJC_ISA_USAGE = YES_ERROR;
				CLANG_WARN_EMPTY_BODY = YES;
				CLANG_WARN_ENUM_CONVERSION = YES;
				CLANG_WARN_INT_CONVERSION = YES;
				CLANG_WARN_OBJC_ROOT_CLASS = YES_ERROR;
				CLANG_WARN_UNREACHABLE_CODE = YES;
				CLANG_WARN__DUPLICATE_METHOD_MATCH = YES;
				"CODE_SIGN_IDENTITY[sdk=iphoneos*]" = "iPhone Developer";
				COPY_PHASE_STRIP = NO;
				DEBUG_INFORMATION_FORMAT = "dwarf-with-dsym";
				ENABLE_STRICT_OBJC_MSGSEND = YES;
				GCC_C_LANGUAGE_STANDARD = gnu99;
				GCC_DYNAMIC_NO_PIC = NO;
				GCC_NO_COMMON_BLOCKS = YES;
				GCC_OPTIMIZATION_LEVEL = 0;
				GCC_PREPROCESSOR_DEFINITIONS = (
					"DEBUG=1",
					"$(inherited)",
				);
				GCC_SYMBOLS_PRIVATE_EXTERN = NO;
				GCC_WARN_64_TO_32_BIT_CONVERSION = YES;
				GCC_WARN_ABOUT_RETURN_TYPE = YES_ERROR;
				GCC_WARN_UNDECLARED_SELECTOR = YES;
				GCC_WARN_UNINITIALIZED_AUTOS = YES_AGGRESSIVE;
				GCC_WARN_UNUSED_FUNCTION = YES;
				GCC_WARN_UNUSED_VARIABLE = YES;
				IPHONEOS_DEPLOYMENT_TARGET = 8.3;
				MTL_ENABLE_DEBUG_INFO = YES;
				ONLY_ACTIVE_ARCH = YES;
				SDKROOT = iphoneos;
				SWIFT_OPTIMIZATION_LEVEL = "-Onone";
				TARGETED_DEVICE_FAMILY = "1,2";
			};
			name = Debug;
		};
		EB66C97D1B0F2FA5005A1C1D /* Release */ = {
			isa = XCBuildConfiguration;
			buildSettings = {
				ALWAYS_SEARCH_USER_PATHS = NO;
				CLANG_CXX_LANGUAGE_STANDARD = "gnu++0x";
				CLANG_CXX_LIBRARY = "libc++";
				CLANG_ENABLE_MODULES = YES;
				CLANG_ENABLE_OBJC_ARC = YES;
				CLANG_WARN_BOOL_CONVERSION = YES;
				CLANG_WARN_CONSTANT_CONVERSION = YES;
				CLANG_WARN_DIRECT_OBJC_ISA_USAGE = YES_ERROR;
				CLANG_WARN_EMPTY_BODY = YES;
				CLANG_WARN_ENUM_CONVERSION = YES;
				CLANG_WARN_INT_CONVERSION = YES;
				CLANG_WARN_OBJC_ROOT_CLASS = YES_ERROR;
				CLANG_WARN_UNREACHABLE_CODE = YES;
				CLANG_WARN__DUPLICATE_METHOD_MATCH = YES;
				"CODE_SIGN_IDENTITY[sdk=iphoneos*]" = "iPhone Developer";
				COPY_PHASE_STRIP = NO;
				DEBUG_INFORMATION_FORMAT = "dwarf-with-dsym";
				ENABLE_NS_ASSERTIONS = NO;
				ENABLE_STRICT_OBJC_MSGSEND = YES;
				GCC_C_LANGUAGE_STANDARD = gnu99;
				GCC_NO_COMMON_BLOCKS = YES;
				GCC_WARN_64_TO_32_BIT_CONVERSION = YES;
				GCC_WARN_ABOUT_RETURN_TYPE = YES_ERROR;
				GCC_WARN_UNDECLARED_SELECTOR = YES;
				GCC_WARN_UNINITIALIZED_AUTOS = YES_AGGRESSIVE;
				GCC_WARN_UNUSED_FUNCTION = YES;
				GCC_WARN_UNUSED_VARIABLE = YES;
				IPHONEOS_DEPLOYMENT_TARGET = 8.3;
				MTL_ENABLE_DEBUG_INFO = NO;
				SDKROOT = iphoneos;
				TARGETED_DEVICE_FAMILY = "1,2";
				VALIDATE_PRODUCT = YES;
			};
			name = Release;
		};
		EB66C97F1B0F2FA5005A1C1D /* Debug */ = {
			isa = XCBuildConfiguration;
			buildSettings = {
				ASSETCATALOG_COMPILER_APPICON_NAME = AppIcon;
				INFOPLIST_FILE = SignalApp/Info.plist;
				LD_RUNPATH_SEARCH_PATHS = "$(inherited) @executable_path/Frameworks";
				PRODUCT_NAME = "$(TARGET_NAME)";
			};
			name = Debug;
		};
		EB66C9801B0F2FA5005A1C1D /* Release */ = {
			isa = XCBuildConfiguration;
			buildSettings = {
				ASSETCATALOG_COMPILER_APPICON_NAME = AppIcon;
				INFOPLIST_FILE = SignalApp/Info.plist;
				LD_RUNPATH_SEARCH_PATHS = "$(inherited) @executable_path/Frameworks";
				PRODUCT_NAME = "$(TARGET_NAME)";
			};
			name = Release;
		};
		EB66C9821B0F2FA5005A1C1D /* Debug */ = {
			isa = XCBuildConfiguration;
			buildSettings = {
				BUNDLE_LOADER = "$(TEST_HOST)";
				FRAMEWORK_SEARCH_PATHS = (
					"$(SDKROOT)/Developer/Library/Frameworks",
					"$(inherited)",
				);
				GCC_PREPROCESSOR_DEFINITIONS = (
					"DEBUG=1",
					"$(inherited)",
				);
				INFOPLIST_FILE = SignalAppTests/Info.plist;
				LD_RUNPATH_SEARCH_PATHS = "$(inherited) @executable_path/Frameworks @loader_path/Frameworks";
				PRODUCT_NAME = "$(TARGET_NAME)";
				TEST_HOST = "$(BUILT_PRODUCTS_DIR)/SignalApp.app/SignalApp";
			};
			name = Debug;
		};
		EB66C9831B0F2FA5005A1C1D /* Release */ = {
			isa = XCBuildConfiguration;
			buildSettings = {
				BUNDLE_LOADER = "$(TEST_HOST)";
				FRAMEWORK_SEARCH_PATHS = (
					"$(SDKROOT)/Developer/Library/Frameworks",
					"$(inherited)",
				);
				INFOPLIST_FILE = SignalAppTests/Info.plist;
				LD_RUNPATH_SEARCH_PATHS = "$(inherited) @executable_path/Frameworks @loader_path/Frameworks";
				PRODUCT_NAME = "$(TARGET_NAME)";
				TEST_HOST = "$(BUILT_PRODUCTS_DIR)/SignalApp.app/SignalApp";
			};
			name = Release;
		};
/* End XCBuildConfiguration section */

/* Begin XCConfigurationList section */
		EB66C95A1B0F2FA5005A1C1D /* Build configuration list for PBXProject "SignalApp" */ = {
			isa = XCConfigurationList;
			buildConfigurations = (
				EB66C97C1B0F2FA5005A1C1D /* Debug */,
				EB66C97D1B0F2FA5005A1C1D /* Release */,
			);
			defaultConfigurationIsVisible = 0;
			defaultConfigurationName = Release;
		};
		EB66C97E1B0F2FA5005A1C1D /* Build configuration list for PBXNativeTarget "SignalApp" */ = {
			isa = XCConfigurationList;
			buildConfigurations = (
				EB66C97F1B0F2FA5005A1C1D /* Debug */,
				EB66C9801B0F2FA5005A1C1D /* Release */,
			);
			defaultConfigurationIsVisible = 0;
		};
		EB66C9811B0F2FA5005A1C1D /* Build configuration list for PBXNativeTarget "SignalAppTests" */ = {
			isa = XCConfigurationList;
			buildConfigurations = (
				EB66C9821B0F2FA5005A1C1D /* Debug */,
				EB66C9831B0F2FA5005A1C1D /* Release */,
			);
			defaultConfigurationIsVisible = 0;
		};
/* End XCConfigurationList section */
	};
	rootObject = EB66C9571B0F2FA5005A1C1D /* Project object */;
}
